
Microsoft Visual Studio Solution File, Format Version 12.00
# Visual Studio Version 17
VisualStudioVersion = 17.0.32014.148
MinimumVisualStudioVersion = 10.0.40219.1
Project("{9A19103F-16F7-4668-BE54-9A1E7A4F7556}") = "BlazorProject1", "BlazorProject1\BlazorProject1.csproj", "{1BF903EE-B5E5-4136-970E-9116AD0C6B1B}"
EndProject
Project("{9A19103F-16F7-4668-BE54-9A1E7A4F7556}") = "Data Access Layer (DAL)", "Data Access Layer (DAL)\Data Access Layer (DAL).csproj", "{5ADA9DE2-1006-48CA-8B18-380C7E5D6F67}"
EndProject
Project("{9A19103F-16F7-4668-BE54-9A1E7A4F7556}") = "Business Object Layer (BOL)", "Business Object Layer (BOL)\Business Object Layer (BOL).csproj", "{DFCBAA63-E9BA-4FED-9E54-0A90DB90D97F}"
EndProject
Project("{9A19103F-16F7-4668-BE54-9A1E7A4F7556}") = "Business Logic layer (BLL)", "Business Logic layer (BLL)\Business Logic layer (BLL).csproj", "{09D9B1A1-3529-4420-A604-B567F764B5A1}"
EndProject
Global
	GlobalSection(SolutionConfigurationPlatforms) = preSolution
		Debug|Any CPU = Debug|Any CPU
		Release|Any CPU = Release|Any CPU
	EndGlobalSection
	GlobalSection(ProjectConfigurationPlatforms) = postSolution
		{1BF903EE-B5E5-4136-970E-9116AD0C6B1B}.Debug|Any CPU.ActiveCfg = Debug|Any CPU
		{1BF903EE-B5E5-4136-970E-9116AD0C6B1B}.Debug|Any CPU.Build.0 = Debug|Any CPU
		{1BF903EE-B5E5-4136-970E-9116AD0C6B1B}.Release|Any CPU.ActiveCfg = Release|Any CPU
		{1BF903EE-B5E5-4136-970E-9116AD0C6B1B}.Release|Any CPU.Build.0 = Release|Any CPU
		{5ADA9DE2-1006-48CA-8B18-380C7E5D6F67}.Debug|Any CPU.ActiveCfg = Debug|Any CPU
		{5ADA9DE2-1006-48CA-8B18-380C7E5D6F67}.Debug|Any CPU.Build.0 = Debug|Any CPU
		{5ADA9DE2-1006-48CA-8B18-380C7E5D6F67}.Release|Any CPU.ActiveCfg = Release|Any CPU
		{5ADA9DE2-1006-48CA-8B18-380C7E5D6F67}.Release|Any CPU.Build.0 = Release|Any CPU
		{DFCBAA63-E9BA-4FED-9E54-0A90DB90D97F}.Debug|Any CPU.ActiveCfg = Debug|Any CPU
		{DFCBAA63-E9BA-4FED-9E54-0A90DB90D97F}.Debug|Any CPU.Build.0 = Debug|Any CPU
		{DFCBAA63-E9BA-4FED-9E54-0A90DB90D97F}.Release|Any CPU.ActiveCfg = Release|Any CPU
		{DFCBAA63-E9BA-4FED-9E54-0A90DB90D97F}.Release|Any CPU.Build.0 = Release|Any CPU
		{09D9B1A1-3529-4420-A604-B567F764B5A1}.Debug|Any CPU.ActiveCfg = Debug|Any CPU
		{09D9B1A1-3529-4420-A604-B567F764B5A1}.Debug|Any CPU.Build.0 = Debug|Any CPU
		{09D9B1A1-3529-4420-A604-B567F764B5A1}.Release|Any CPU.ActiveCfg = Release|Any CPU
		{09D9B1A1-3529-4420-A604-B567F764B5A1}.Release|Any CPU.Build.0 = Release|Any CPU
	EndGlobalSection
	GlobalSection(SolutionProperties) = preSolution
		HideSolutionNode = FALSE
	EndGlobalSection
	GlobalSection(ExtensibilityGlobals) = postSolution
		SolutionGuid = {70B14FBC-C302-4752-9915-FFA2034F6C09}
	EndGlobalSection
EndGlobal
